
Microsoft Visual Studio Solution File, Format Version 12.00
# Visual Studio Version 17
VisualStudioVersion = 17.10.35013.160
MinimumVisualStudioVersion = 10.0.40219.1
Project("{FAE04EC0-301F-11D3-BF4B-00C04F79EFBC}") = "ExcerciseControlFlow", "ExcerciseControlFlow\ExcerciseControlFlow.csproj", "{5AD3DADD-7DE7-4561-A152-48DDCC00698F}"
EndProject
Global
	GlobalSection(SolutionConfigurationPlatforms) = preSolution
		Debug|Any CPU = Debug|Any CPU
		Release|Any CPU = Release|Any CPU
	EndGlobalSection
	GlobalSection(ProjectConfigurationPlatforms) = postSolution
		{5AD3DADD-7DE7-4561-A152-48DDCC00698F}.Debug|Any CPU.ActiveCfg = Debug|Any CPU
		{5AD3DADD-7DE7-4561-A152-48DDCC00698F}.Debug|Any CPU.Build.0 = Debug|Any CPU
		{5AD3DADD-7DE7-4561-A152-48DDCC00698F}.Release|Any CPU.ActiveCfg = Release|Any CPU
		{5AD3DADD-7DE7-4561-A152-48DDCC00698F}.Release|Any CPU.Build.0 = Release|Any CPU
	EndGlobalSection
	GlobalSection(SolutionProperties) = preSolution
		HideSolutionNode = FALSE
	EndGlobalSection
	GlobalSection(ExtensibilityGlobals) = postSolution
		SolutionGuid = {5BFCAC83-3E0E-40F5-ACB1-EFC3E81F4F9E}
	EndGlobalSection
EndGlobal
